
Microsoft Visual Studio Solution File, Format Version 12.00
# Visual Studio Version 16
VisualStudioVersion = 16.0.29215.179
MinimumVisualStudioVersion = 10.0.40219.1
Project("{FAE04EC0-301F-11D3-BF4B-00C04F79EFBC}") = "BlobStorageNF", "BlobStorageNF.csproj", "{63A348E2-3BB1-42A9-8E4B-E0321D1F6415}"
EndProject
Global
	GlobalSection(SolutionConfigurationPlatforms) = preSolution
		Debug|Any CPU = Debug|Any CPU
		Release|Any CPU = Release|Any CPU
	EndGlobalSection
	GlobalSection(ProjectConfigurationPlatforms) = postSolution
		{63A348E2-3BB1-42A9-8E4B-E0321D1F6415}.Debug|Any CPU.ActiveCfg = Debug|Any CPU
		{63A348E2-3BB1-42A9-8E4B-E0321D1F6415}.Debug|Any CPU.Build.0 = Debug|Any CPU
		{63A348E2-3BB1-42A9-8E4B-E0321D1F6415}.Release|Any CPU.ActiveCfg = Release|Any CPU
		{63A348E2-3BB1-42A9-8E4B-E0321D1F6415}.Release|Any CPU.Build.0 = Release|Any CPU
	EndGlobalSection
	GlobalSection(SolutionProperties) = preSolution
		HideSolutionNode = FALSE
	EndGlobalSection
	GlobalSection(ExtensibilityGlobals) = postSolution
		SolutionGuid = {2503BC2A-96FD-4686-B351-47D10C3F343D}
	EndGlobalSection
EndGlobal
