Microsoft Visual Studio Solution File, Format Version 12.00
# Visual Studio Version 16
VisualStudioVersion = 16.0.29215.179
MinimumVisualStudioVersion = 10.0.40219.1
Project("{9A19103F-16F7-4668-BE54-9A1E7A4F7556}") = "BlobExplorer", "BlobExplorer\BlobExplorer.csproj", "{03644D37-77B2-4D00-92DB-9B4BCC1521EC}"
EndProject
Project("{FAE04EC0-301F-11D3-BF4B-00C04F79EFBC}") = "BlobStorageNF", "BlobStorageNF\BlobStorageNF.csproj", "{63A348E2-3BB1-42A9-8E4B-E0321D1F6415}"
EndProject
Project("{9A19103F-16F7-4668-BE54-9A1E7A4F7556}") = "FileExplorer", "FileExplorer\FileExplorer.csproj", "{D577C889-302E-48FA-8F90-35D460F1D09F}"
EndProject
Project("{FAE04EC0-301F-11D3-BF4B-00C04F79EFBC}") = "FileExplorerNF", "FileExplorerNF\FileExplorerNF.csproj", "{C5C060FA-CEB1-43C8-8ADE-92DE1C7C80F2}"
EndProject
Project("{FAE04EC0-301F-11D3-BF4B-00C04F79EFBC}") = "TableExplorerNF", "TableExplorerNF\TableExplorerNF.csproj", "{B7BDD678-197C-4EBC-8711-CCA257E6AD02}"
EndProject
Project("{FAE04EC0-301F-11D3-BF4B-00C04F79EFBC}") = "QueueExplorerNF", "QueueExplorerNF\QueueExplorerNF.csproj", "{DCA4B065-B097-4369-B059-F3B50A20808A}"
EndProject
Project("{FAE04EC0-301F-11D3-BF4B-00C04F79EFBC}") = "QueueHandlerNF", "QueueHandlerNF\QueueHandlerNF.csproj", "{CE8EF411-20D0-4590-ADC0-C5CDC175A530}"
EndProject
Global
	GlobalSection(SolutionConfigurationPlatforms) = preSolution
		Debug|Any CPU = Debug|Any CPU
		Dev|Any CPU = Dev|Any CPU
		Release|Any CPU = Release|Any CPU
	EndGlobalSection
	GlobalSection(ProjectConfigurationPlatforms) = postSolution
		{03644D37-77B2-4D00-92DB-9B4BCC1521EC}.Debug|Any CPU.ActiveCfg = Debug|Any CPU
		{03644D37-77B2-4D00-92DB-9B4BCC1521EC}.Debug|Any CPU.Build.0 = Debug|Any CPU
		{03644D37-77B2-4D00-92DB-9B4BCC1521EC}.Dev|Any CPU.ActiveCfg = Dev|Any CPU
		{03644D37-77B2-4D00-92DB-9B4BCC1521EC}.Dev|Any CPU.Build.0 = Dev|Any CPU
		{03644D37-77B2-4D00-92DB-9B4BCC1521EC}.Release|Any CPU.ActiveCfg = Release|Any CPU
		{03644D37-77B2-4D00-92DB-9B4BCC1521EC}.Release|Any CPU.Build.0 = Release|Any CPU
		{63A348E2-3BB1-42A9-8E4B-E0321D1F6415}.Debug|Any CPU.ActiveCfg = Debug|Any CPU
		{63A348E2-3BB1-42A9-8E4B-E0321D1F6415}.Debug|Any CPU.Build.0 = Debug|Any CPU
		{63A348E2-3BB1-42A9-8E4B-E0321D1F6415}.Dev|Any CPU.ActiveCfg = Dev|Any CPU
		{63A348E2-3BB1-42A9-8E4B-E0321D1F6415}.Dev|Any CPU.Build.0 = Dev|Any CPU
		{63A348E2-3BB1-42A9-8E4B-E0321D1F6415}.Release|Any CPU.ActiveCfg = Release|Any CPU
		{63A348E2-3BB1-42A9-8E4B-E0321D1F6415}.Release|Any CPU.Build.0 = Release|Any CPU
		{D577C889-302E-48FA-8F90-35D460F1D09F}.Debug|Any CPU.ActiveCfg = Debug|Any CPU
		{D577C889-302E-48FA-8F90-35D460F1D09F}.Debug|Any CPU.Build.0 = Debug|Any CPU
		{D577C889-302E-48FA-8F90-35D460F1D09F}.Dev|Any CPU.ActiveCfg = Dev|Any CPU
		{D577C889-302E-48FA-8F90-35D460F1D09F}.Dev|Any CPU.Build.0 = Dev|Any CPU
		{D577C889-302E-48FA-8F90-35D460F1D09F}.Release|Any CPU.ActiveCfg = Release|Any CPU
		{D577C889-302E-48FA-8F90-35D460F1D09F}.Release|Any CPU.Build.0 = Release|Any CPU
		{C5C060FA-CEB1-43C8-8ADE-92DE1C7C80F2}.Debug|Any CPU.ActiveCfg = Debug|Any CPU
		{C5C060FA-CEB1-43C8-8ADE-92DE1C7C80F2}.Debug|Any CPU.Build.0 = Debug|Any CPU
		{C5C060FA-CEB1-43C8-8ADE-92DE1C7C80F2}.Dev|Any CPU.ActiveCfg = Dev|Any CPU
		{C5C060FA-CEB1-43C8-8ADE-92DE1C7C80F2}.Dev|Any CPU.Build.0 = Dev|Any CPU
		{C5C060FA-CEB1-43C8-8ADE-92DE1C7C80F2}.Release|Any CPU.ActiveCfg = Release|Any CPU
		{C5C060FA-CEB1-43C8-8ADE-92DE1C7C80F2}.Release|Any CPU.Build.0 = Release|Any CPU
		{B7BDD678-197C-4EBC-8711-CCA257E6AD02}.Debug|Any CPU.ActiveCfg = Debug|Any CPU
		{B7BDD678-197C-4EBC-8711-CCA257E6AD02}.Debug|Any CPU.Build.0 = Debug|Any CPU
		{B7BDD678-197C-4EBC-8711-CCA257E6AD02}.Dev|Any CPU.ActiveCfg = Dev|Any CPU
		{B7BDD678-197C-4EBC-8711-CCA257E6AD02}.Dev|Any CPU.Build.0 = Dev|Any CPU
		{B7BDD678-197C-4EBC-8711-CCA257E6AD02}.Release|Any CPU.ActiveCfg = Release|Any CPU
		{B7BDD678-197C-4EBC-8711-CCA257E6AD02}.Release|Any CPU.Build.0 = Release|Any CPU
		{DCA4B065-B097-4369-B059-F3B50A20808A}.Debug|Any CPU.ActiveCfg = Debug|Any CPU
		{DCA4B065-B097-4369-B059-F3B50A20808A}.Debug|Any CPU.Build.0 = Debug|Any CPU
		{DCA4B065-B097-4369-B059-F3B50A20808A}.Dev|Any CPU.ActiveCfg = Dev|Any CPU
		{DCA4B065-B097-4369-B059-F3B50A20808A}.Dev|Any CPU.Build.0 = Dev|Any CPU
		{DCA4B065-B097-4369-B059-F3B50A20808A}.Release|Any CPU.ActiveCfg = Release|Any CPU
		{DCA4B065-B097-4369-B059-F3B50A20808A}.Release|Any CPU.Build.0 = Release|Any CPU
		{CE8EF411-20D0-4590-ADC0-C5CDC175A530}.Debug|Any CPU.ActiveCfg = Debug|Any CPU
		{CE8EF411-20D0-4590-ADC0-C5CDC175A530}.Debug|Any CPU.Build.0 = Debug|Any CPU
		{CE8EF411-20D0-4590-ADC0-C5CDC175A530}.Dev|Any CPU.ActiveCfg = Dev|Any CPU
		{CE8EF411-20D0-4590-ADC0-C5CDC175A530}.Dev|Any CPU.Build.0 = Dev|Any CPU
		{CE8EF411-20D0-4590-ADC0-C5CDC175A530}.Release|Any CPU.ActiveCfg = Release|Any CPU
		{CE8EF411-20D0-4590-ADC0-C5CDC175A530}.Release|Any CPU.Build.0 = Release|Any CPU
	EndGlobalSection
	GlobalSection(SolutionProperties) = preSolution
		HideSolutionNode = FALSE
	EndGlobalSection
	GlobalSection(ExtensibilityGlobals) = postSolution
		SolutionGuid = {674DF15C-C4DB-4378-A15A-3DBC34AB0DB0}
	EndGlobalSection
EndGlobal
