
Microsoft Visual Studio Solution File, Format Version 12.00
# Visual Studio Version 16
VisualStudioVersion = 16.0.29215.179
MinimumVisualStudioVersion = 10.0.40219.1
Project("{FAE04EC0-301F-11D3-BF4B-00C04F79EFBC}") = "BlobExplorer", "BlobExplorer.csproj", "{DF828B24-097B-4C55-A8C9-C42706ECEDF6}"
EndProject
Global
	GlobalSection(SolutionConfigurationPlatforms) = preSolution
		Debug|Any CPU = Debug|Any CPU
		Release|Any CPU = Release|Any CPU
	EndGlobalSection
	GlobalSection(ProjectConfigurationPlatforms) = postSolution
		{DF828B24-097B-4C55-A8C9-C42706ECEDF6}.Debug|Any CPU.ActiveCfg = Debug|Any CPU
		{DF828B24-097B-4C55-A8C9-C42706ECEDF6}.Debug|Any CPU.Build.0 = Debug|Any CPU
		{DF828B24-097B-4C55-A8C9-C42706ECEDF6}.Release|Any CPU.ActiveCfg = Release|Any CPU
		{DF828B24-097B-4C55-A8C9-C42706ECEDF6}.Release|Any CPU.Build.0 = Release|Any CPU
	EndGlobalSection
	GlobalSection(SolutionProperties) = preSolution
		HideSolutionNode = FALSE
	EndGlobalSection
	GlobalSection(ExtensibilityGlobals) = postSolution
		SolutionGuid = {C128BBC1-85B3-4964-9FEA-FC7949AC873A}
	EndGlobalSection
EndGlobal
